
Microsoft Visual Studio Solution File, Format Version 12.00
# Visual Studio 15
VisualStudioVersion = 15.0.27428.2043
MinimumVisualStudioVersion = 10.0.40219.1
Project("{9A19103F-16F7-4668-BE54-9A1E7A4F7556}") = "BananoRunnerEmulator", "BananoRunnerEmulator\BananoRunnerEmulator.csproj", "{46C7505E-4B03-4D6A-A213-C030C8EF0D14}"
EndProject
Project("{2150E333-8FDC-42A3-9474-1A3956D46DE8}") = "Solution Items", "Solution Items", "{D37F2164-4708-48DA-8A12-561D4117AB1C}"
	ProjectSection(SolutionItems) = preProject
		.gitignore = .gitignore
		GlobalSuppressions.cs = GlobalSuppressions.cs
	EndProjectSection
EndProject
Global
	GlobalSection(SolutionConfigurationPlatforms) = preSolution
		Debug|Any CPU = Debug|Any CPU
		Release|Any CPU = Release|Any CPU
	EndGlobalSection
	GlobalSection(ProjectConfigurationPlatforms) = postSolution
		{46C7505E-4B03-4D6A-A213-C030C8EF0D14}.Debug|Any CPU.ActiveCfg = Debug|Any CPU
		{46C7505E-4B03-4D6A-A213-C030C8EF0D14}.Debug|Any CPU.Build.0 = Debug|Any CPU
		{46C7505E-4B03-4D6A-A213-C030C8EF0D14}.Release|Any CPU.ActiveCfg = Release|Any CPU
		{46C7505E-4B03-4D6A-A213-C030C8EF0D14}.Release|Any CPU.Build.0 = Release|Any CPU
	EndGlobalSection
	GlobalSection(SolutionProperties) = preSolution
		HideSolutionNode = FALSE
	EndGlobalSection
	GlobalSection(ExtensibilityGlobals) = postSolution
		SolutionGuid = {C2AE58AD-9EB6-4594-BDA3-BDCC47895CE3}
	EndGlobalSection
EndGlobal
